
Microsoft Visual Studio Solution File, Format Version 12.00
# Visual Studio 14
VisualStudioVersion = 14.0.25420.1
MinimumVisualStudioVersion = 10.0.40219.1
Project("{FAE04EC0-301F-11D3-BF4B-00C04F79EFBC}") = "AuthServer", "AuthServer\AuthServer.csproj", "{5FA4D0C3-C739-4AF3-97AA-8893A107257D}"
EndProject
Project("{FAE04EC0-301F-11D3-BF4B-00C04F79EFBC}") = "DataLayer", "DataLayer\DataLayer.csproj", "{1D074CA9-F505-4174-A61B-014117C143B7}"
EndProject
Project("{2150E333-8FDC-42A3-9474-1A3956D46DE8}") = "ResourceServer", "ResourceServer", "{CACF2D9E-13AC-41DD-805E-C378D151BDC2}"
EndProject
Project("{2150E333-8FDC-42A3-9474-1A3956D46DE8}") = "Tests", "Tests", "{B97803EF-085D-4D69-BB90-89FAED650B7E}"
	ProjectSection(SolutionItems) = preProject
		C:\Users\Augustine\Desktop\jquery-1.8.2.min.js = C:\Users\Augustine\Desktop\jquery-1.8.2.min.js
		C:\Users\Augustine\Desktop\sidekick_implicit_grant.html = C:\Users\Augustine\Desktop\sidekick_implicit_grant.html
	EndProjectSection
EndProject
Project("{FAE04EC0-301F-11D3-BF4B-00C04F79EFBC}") = "ApiServer", "ApiServer\ApiServer.csproj", "{0F3BA1A0-93C0-4186-A1C1-7A9DE05A460B}"
EndProject
Project("{2150E333-8FDC-42A3-9474-1A3956D46DE8}") = "Modules", "Modules", "{D474AFCF-8589-49AD-8440-C54261F35365}"
EndProject
Project("{FAE04EC0-301F-11D3-BF4B-00C04F79EFBC}") = "ApiAuthentication", "ApiAuthentication\ApiAuthentication.csproj", "{4F3BAE6F-3CE2-4B00-959D-A9C71970176C}"
EndProject
Project("{FAE04EC0-301F-11D3-BF4B-00C04F79EFBC}") = "Api.Common", "Api.Common\Api.Common.csproj", "{0BBC151B-FD70-4BCD-B005-6AE3259A25C2}"
EndProject
Project("{FAE04EC0-301F-11D3-BF4B-00C04F79EFBC}") = "Api.Events", "Api.Events\Api.Events.csproj", "{8487A135-9EEF-4170-AC68-708D74F154EB}"
EndProject
Project("{FAE04EC0-301F-11D3-BF4B-00C04F79EFBC}") = "ApiEventHandlers", "ApiEventHandler\ApiEventHandlers.csproj", "{BDF6770A-BEA2-4BCF-8DE9-40FAFF22F63D}"
EndProject
Project("{FAE04EC0-301F-11D3-BF4B-00C04F79EFBC}") = "ApiDelegatingHandlers", "ApiThrottling\ApiDelegatingHandlers.csproj", "{5A2CC4B9-32CB-45DB-90B4-B5C9693E21C8}"
EndProject
Project("{FAE04EC0-301F-11D3-BF4B-00C04F79EFBC}") = "ApiHandlers", "ApiHandler\ApiHandlers.csproj", "{3BFFEFB9-5E98-477B-B14E-7B4ADACD5AAB}"
EndProject
Project("{2150E333-8FDC-42A3-9474-1A3956D46DE8}") = "ClientLibrary", "ClientLibrary", "{62CED753-025B-418B-B9EE-EB1488276B28}"
EndProject
Project("{FAE04EC0-301F-11D3-BF4B-00C04F79EFBC}") = "Sidekick.OAuthClient", "Sidekick.OAuthClient\Sidekick.OAuthClient.csproj", "{5D5CBAE9-6D3D-4813-97DD-83D63AE266BB}"
EndProject
Project("{FAE04EC0-301F-11D3-BF4B-00C04F79EFBC}") = "SmsShortcodeHandler", "SmsShortcodeHandler\SmsShortcodeHandler.csproj", "{C4AEDBB4-8623-436F-8FE6-97DF79CF6520}"
EndProject
Project("{FAE04EC0-301F-11D3-BF4B-00C04F79EFBC}") = "UssdAppHandler", "UssdAppHandler\UssdAppHandler.csproj", "{061175D2-59F6-444E-8FE8-AE93A3CC2DB3}"
EndProject
Project("{FAE04EC0-301F-11D3-BF4B-00C04F79EFBC}") = "ApiMediaFormatters", "ApiMediaFormatters\ApiMediaFormatters.csproj", "{5A9F71E6-D0DC-4712-8DB4-6D4F5592C173}"
EndProject
Project("{FAE04EC0-301F-11D3-BF4B-00C04F79EFBC}") = "WebApplication1", "WebApplication1\WebApplication1.csproj", "{05D7FC28-9DC0-4991-807B-8219405EC324}"
EndProject
Project("{FAE04EC0-301F-11D3-BF4B-00C04F79EFBC}") = "SsoClient", "SsoClient\SsoClient.csproj", "{C9CA3D92-62FA-4515-AAC6-EE3F2C0A66DF}"
EndProject
Project("{2150E333-8FDC-42A3-9474-1A3956D46DE8}") = "Solution Items", "Solution Items", "{04696083-2AC5-4C52-804A-704AD180C947}"
	ProjectSection(SolutionItems) = preProject
		Notes.txt = Notes.txt
	EndProjectSection
EndProject
Global
	GlobalSection(SolutionConfigurationPlatforms) = preSolution
		Debug|Any CPU = Debug|Any CPU
		Release|Any CPU = Release|Any CPU
	EndGlobalSection
	GlobalSection(ProjectConfigurationPlatforms) = postSolution
		{5FA4D0C3-C739-4AF3-97AA-8893A107257D}.Debug|Any CPU.ActiveCfg = Debug|Any CPU
		{5FA4D0C3-C739-4AF3-97AA-8893A107257D}.Debug|Any CPU.Build.0 = Debug|Any CPU
		{5FA4D0C3-C739-4AF3-97AA-8893A107257D}.Release|Any CPU.ActiveCfg = Release|Any CPU
		{5FA4D0C3-C739-4AF3-97AA-8893A107257D}.Release|Any CPU.Build.0 = Release|Any CPU
		{1D074CA9-F505-4174-A61B-014117C143B7}.Debug|Any CPU.ActiveCfg = Debug|Any CPU
		{1D074CA9-F505-4174-A61B-014117C143B7}.Debug|Any CPU.Build.0 = Debug|Any CPU
		{1D074CA9-F505-4174-A61B-014117C143B7}.Release|Any CPU.ActiveCfg = Release|Any CPU
		{1D074CA9-F505-4174-A61B-014117C143B7}.Release|Any CPU.Build.0 = Release|Any CPU
		{0F3BA1A0-93C0-4186-A1C1-7A9DE05A460B}.Debug|Any CPU.ActiveCfg = Debug|Any CPU
		{0F3BA1A0-93C0-4186-A1C1-7A9DE05A460B}.Debug|Any CPU.Build.0 = Debug|Any CPU
		{0F3BA1A0-93C0-4186-A1C1-7A9DE05A460B}.Release|Any CPU.ActiveCfg = Release|Any CPU
		{0F3BA1A0-93C0-4186-A1C1-7A9DE05A460B}.Release|Any CPU.Build.0 = Release|Any CPU
		{4F3BAE6F-3CE2-4B00-959D-A9C71970176C}.Debug|Any CPU.ActiveCfg = Debug|Any CPU
		{4F3BAE6F-3CE2-4B00-959D-A9C71970176C}.Debug|Any CPU.Build.0 = Debug|Any CPU
		{4F3BAE6F-3CE2-4B00-959D-A9C71970176C}.Release|Any CPU.ActiveCfg = Release|Any CPU
		{4F3BAE6F-3CE2-4B00-959D-A9C71970176C}.Release|Any CPU.Build.0 = Release|Any CPU
		{0BBC151B-FD70-4BCD-B005-6AE3259A25C2}.Debug|Any CPU.ActiveCfg = Debug|Any CPU
		{0BBC151B-FD70-4BCD-B005-6AE3259A25C2}.Debug|Any CPU.Build.0 = Debug|Any CPU
		{0BBC151B-FD70-4BCD-B005-6AE3259A25C2}.Release|Any CPU.ActiveCfg = Release|Any CPU
		{0BBC151B-FD70-4BCD-B005-6AE3259A25C2}.Release|Any CPU.Build.0 = Release|Any CPU
		{8487A135-9EEF-4170-AC68-708D74F154EB}.Debug|Any CPU.ActiveCfg = Debug|Any CPU
		{8487A135-9EEF-4170-AC68-708D74F154EB}.Debug|Any CPU.Build.0 = Debug|Any CPU
		{8487A135-9EEF-4170-AC68-708D74F154EB}.Release|Any CPU.ActiveCfg = Release|Any CPU
		{8487A135-9EEF-4170-AC68-708D74F154EB}.Release|Any CPU.Build.0 = Release|Any CPU
		{BDF6770A-BEA2-4BCF-8DE9-40FAFF22F63D}.Debug|Any CPU.ActiveCfg = Debug|Any CPU
		{BDF6770A-BEA2-4BCF-8DE9-40FAFF22F63D}.Debug|Any CPU.Build.0 = Debug|Any CPU
		{BDF6770A-BEA2-4BCF-8DE9-40FAFF22F63D}.Release|Any CPU.ActiveCfg = Release|Any CPU
		{BDF6770A-BEA2-4BCF-8DE9-40FAFF22F63D}.Release|Any CPU.Build.0 = Release|Any CPU
		{5A2CC4B9-32CB-45DB-90B4-B5C9693E21C8}.Debug|Any CPU.ActiveCfg = Debug|Any CPU
		{5A2CC4B9-32CB-45DB-90B4-B5C9693E21C8}.Debug|Any CPU.Build.0 = Debug|Any CPU
		{5A2CC4B9-32CB-45DB-90B4-B5C9693E21C8}.Release|Any CPU.ActiveCfg = Release|Any CPU
		{5A2CC4B9-32CB-45DB-90B4-B5C9693E21C8}.Release|Any CPU.Build.0 = Release|Any CPU
		{3BFFEFB9-5E98-477B-B14E-7B4ADACD5AAB}.Debug|Any CPU.ActiveCfg = Debug|Any CPU
		{3BFFEFB9-5E98-477B-B14E-7B4ADACD5AAB}.Debug|Any CPU.Build.0 = Debug|Any CPU
		{3BFFEFB9-5E98-477B-B14E-7B4ADACD5AAB}.Release|Any CPU.ActiveCfg = Release|Any CPU
		{3BFFEFB9-5E98-477B-B14E-7B4ADACD5AAB}.Release|Any CPU.Build.0 = Release|Any CPU
		{5D5CBAE9-6D3D-4813-97DD-83D63AE266BB}.Debug|Any CPU.ActiveCfg = Debug|Any CPU
		{5D5CBAE9-6D3D-4813-97DD-83D63AE266BB}.Debug|Any CPU.Build.0 = Debug|Any CPU
		{5D5CBAE9-6D3D-4813-97DD-83D63AE266BB}.Release|Any CPU.ActiveCfg = Release|Any CPU
		{5D5CBAE9-6D3D-4813-97DD-83D63AE266BB}.Release|Any CPU.Build.0 = Release|Any CPU
		{C4AEDBB4-8623-436F-8FE6-97DF79CF6520}.Debug|Any CPU.ActiveCfg = Debug|Any CPU
		{C4AEDBB4-8623-436F-8FE6-97DF79CF6520}.Debug|Any CPU.Build.0 = Debug|Any CPU
		{C4AEDBB4-8623-436F-8FE6-97DF79CF6520}.Release|Any CPU.ActiveCfg = Release|Any CPU
		{C4AEDBB4-8623-436F-8FE6-97DF79CF6520}.Release|Any CPU.Build.0 = Release|Any CPU
		{061175D2-59F6-444E-8FE8-AE93A3CC2DB3}.Debug|Any CPU.ActiveCfg = Debug|Any CPU
		{061175D2-59F6-444E-8FE8-AE93A3CC2DB3}.Debug|Any CPU.Build.0 = Debug|Any CPU
		{061175D2-59F6-444E-8FE8-AE93A3CC2DB3}.Release|Any CPU.ActiveCfg = Release|Any CPU
		{061175D2-59F6-444E-8FE8-AE93A3CC2DB3}.Release|Any CPU.Build.0 = Release|Any CPU
		{5A9F71E6-D0DC-4712-8DB4-6D4F5592C173}.Debug|Any CPU.ActiveCfg = Debug|Any CPU
		{5A9F71E6-D0DC-4712-8DB4-6D4F5592C173}.Debug|Any CPU.Build.0 = Debug|Any CPU
		{5A9F71E6-D0DC-4712-8DB4-6D4F5592C173}.Release|Any CPU.ActiveCfg = Release|Any CPU
		{5A9F71E6-D0DC-4712-8DB4-6D4F5592C173}.Release|Any CPU.Build.0 = Release|Any CPU
		{05D7FC28-9DC0-4991-807B-8219405EC324}.Debug|Any CPU.ActiveCfg = Debug|Any CPU
		{05D7FC28-9DC0-4991-807B-8219405EC324}.Debug|Any CPU.Build.0 = Debug|Any CPU
		{05D7FC28-9DC0-4991-807B-8219405EC324}.Release|Any CPU.ActiveCfg = Release|Any CPU
		{05D7FC28-9DC0-4991-807B-8219405EC324}.Release|Any CPU.Build.0 = Release|Any CPU
		{C9CA3D92-62FA-4515-AAC6-EE3F2C0A66DF}.Debug|Any CPU.ActiveCfg = Debug|Any CPU
		{C9CA3D92-62FA-4515-AAC6-EE3F2C0A66DF}.Debug|Any CPU.Build.0 = Debug|Any CPU
		{C9CA3D92-62FA-4515-AAC6-EE3F2C0A66DF}.Release|Any CPU.ActiveCfg = Release|Any CPU
		{C9CA3D92-62FA-4515-AAC6-EE3F2C0A66DF}.Release|Any CPU.Build.0 = Release|Any CPU
	EndGlobalSection
	GlobalSection(SolutionProperties) = preSolution
		HideSolutionNode = FALSE
	EndGlobalSection
	GlobalSection(NestedProjects) = preSolution
		{0F3BA1A0-93C0-4186-A1C1-7A9DE05A460B} = {CACF2D9E-13AC-41DD-805E-C378D151BDC2}
		{D474AFCF-8589-49AD-8440-C54261F35365} = {CACF2D9E-13AC-41DD-805E-C378D151BDC2}
		{4F3BAE6F-3CE2-4B00-959D-A9C71970176C} = {D474AFCF-8589-49AD-8440-C54261F35365}
		{0BBC151B-FD70-4BCD-B005-6AE3259A25C2} = {CACF2D9E-13AC-41DD-805E-C378D151BDC2}
		{8487A135-9EEF-4170-AC68-708D74F154EB} = {CACF2D9E-13AC-41DD-805E-C378D151BDC2}
		{BDF6770A-BEA2-4BCF-8DE9-40FAFF22F63D} = {D474AFCF-8589-49AD-8440-C54261F35365}
		{5A2CC4B9-32CB-45DB-90B4-B5C9693E21C8} = {D474AFCF-8589-49AD-8440-C54261F35365}
		{3BFFEFB9-5E98-477B-B14E-7B4ADACD5AAB} = {D474AFCF-8589-49AD-8440-C54261F35365}
		{5D5CBAE9-6D3D-4813-97DD-83D63AE266BB} = {62CED753-025B-418B-B9EE-EB1488276B28}
		{C4AEDBB4-8623-436F-8FE6-97DF79CF6520} = {D474AFCF-8589-49AD-8440-C54261F35365}
		{061175D2-59F6-444E-8FE8-AE93A3CC2DB3} = {D474AFCF-8589-49AD-8440-C54261F35365}
		{5A9F71E6-D0DC-4712-8DB4-6D4F5592C173} = {D474AFCF-8589-49AD-8440-C54261F35365}
		{05D7FC28-9DC0-4991-807B-8219405EC324} = {B97803EF-085D-4D69-BB90-89FAED650B7E}
		{C9CA3D92-62FA-4515-AAC6-EE3F2C0A66DF} = {B97803EF-085D-4D69-BB90-89FAED650B7E}
	EndGlobalSection
EndGlobal
